PODS:
  - FLEX (2.4.0)
  - Masonry (1.1.0)
  - RFFoundation (0.1.1):
    - RFFoundation/Categories (= 0.1.1)
    - RFFoundation/Preprocessors (= 0.1.1)
  - RFFoundation/Categories (0.1.1)
  - RFFoundation/Preprocessors (0.1.1)
  - RFTypeface (0.1.4):
    - RFFoundation

DEPENDENCIES:
  - FLEX (~> 2.0)
  - Masonry
  - RFFoundation
  - RFTypeface (from `../`)

EXTERNAL SOURCES:
  RFTypeface:
    :path: ../

SPEC CHECKSUMS:
  FLEX: bd1a39e55b56bb413b6f1b34b3c10a0dc44ef079
  Masonry: 678fab65091a9290e40e2832a55e7ab731aad201
  RFFoundation: 9c10f17a70521341c0fae0e7cb65d9ed08ffb451
  RFTypeface: e1a23491f9c11ff923f933861cb3575174440325

PODFILE CHECKSUM: b5c4f95de22f07b087eb2a00bc3bc28119afd1f0

COCOAPODS: 1.3.1
